// !$*UTF8*$!
{
	archiveVersion = 1;
	classes = {
	};
	objectVersion = 50;
	objects = {

/* Begin PBXBuildFile section */
		3E730ADC79171AE632B47FEB /* Pods_example_exampleUITests.framework in Frameworks */ = {isa = PBXBuildFile; fileRef = 2DCFEECBEC61AA00B90F7A00 /* Pods_example_exampleUITests.framework */; };
		8646B8A0469ACB795AD04E45 /* Pods_example.framework in Frameworks */ = {isa = PBXBuildFile; fileRef = 1B4B206633AEB019138B484E /* Pods_example.framework */; };
		A08916968AD16D3229304ACF /* Pods_exampleTests.framework in Frameworks */ = {isa = PBXBuildFile; fileRef = 88F6B08CB808BE2B3FCD48BF /* Pods_exampleTests.framework */; };
		F08886842464033200247326 /* AppDelegate.swift in Sources */ = {isa = PBXBuildFile; fileRef = F08886832464033200247326 /* AppDelegate.swift */; };
		F08886862464033200247326 /* SceneDelegate.swift in Sources */ = {isa = PBXBuildFile; fileRef = F08886852464033200247326 /* SceneDelegate.swift */; };
		F08886882464033200247326 /* ViewController.swift in Sources */ = {isa = PBXBuildFile; fileRef = F08886872464033200247326 /* ViewController.swift */; };
		F088868B2464033200247326 /* Main.storyboard in Resources */ = {isa = PBXBuildFile; fileRef = F08886892464033200247326 /* Main.storyboard */; };
		F088868D2464033400247326 /* Assets.xcassets in Resources */ = {isa = PBXBuildFile; fileRef = F088868C2464033400247326 /* Assets.xcassets */; };
		F08886902464033400247326 /* LaunchScreen.storyboard in Resources */ = {isa = PBXBuildFile; fileRef = F088868E2464033400247326 /* LaunchScreen.storyboard */; };
		F088869B2464033400247326 /* exampleTests.swift in Sources */ = {isa = PBXBuildFile; fileRef = F088869A2464033400247326 /* exampleTests.swift */; };
		F08886A62464033400247326 /* exampleUITests.swift in Sources */ = {isa = PBXBuildFile; fileRef = F08886A52464033400247326 /* exampleUITests.swift */; };
/* End PBXBuildFile section */

/* Begin PBXContainerItemProxy section */
		F08886972464033400247326 /* PBXContainerItemProxy */ = {
			isa = PBXContainerItemProxy;
			containerPortal = F08886782464033200247326 /* Project object */;
			proxyType = 1;
			remoteGlobalIDString = F088867F2464033200247326;
			remoteInfo = example;
		};
		F08886A22464033400247326 /* PBXContainerItemProxy */ = {
			isa = PBXContainerItemProxy;
			containerPortal = F08886782464033200247326 /* Project object */;
			proxyType = 1;
			remoteGlobalIDString = F088867F2464033200247326;
			remoteInfo = example;
		};
/* End PBXContainerItemProxy section */

/* Begin PBXFileReference section */
		1B4B206633AEB019138B484E /* Pods_example.framework */ = {isa = PBXFileReference; explicitFileType = wrapper.framework; includeInIndex = 0; path = Pods_example.framework; sourceTree = BUILT_PRODUCTS_DIR; };
		2012B6F99D8914A1F8AE29C2 /* Pods-exampleTests.debug.xcconfig */ = {isa = PBXFileReference; includeInIndex = 1; lastKnownFileType = text.xcconfig; name = "Pods-exampleTests.debug.xcconfig"; path = "Target Support Files/Pods-exampleTests/Pods-exampleTests.debug.xcconfig"; sourceTree = "<group>"; };
		232F8DE9C5068CD0F934EE40 /* Pods-example.release.xcconfig */ = {isa = PBXFileReference; includeInIndex = 1; lastKnownFileType = text.xcconfig; name = "Pods-example.release.xcconfig"; path = "Target Support Files/Pods-example/Pods-example.release.xcconfig"; sourceTree = "<group>"; };
		2DCFEECBEC61AA00B90F7A00 /* Pods_example_exampleUITests.framework */ = {isa = PBXFileReference; explicitFileType = wrapper.framework; includeInIndex = 0; path = Pods_example_exampleUITests.framework; sourceTree = BUILT_PRODUCTS_DIR; };
		44732BE6E909021EA7FD30A0 /* Pods-exampleTests.release.xcconfig */ = {isa = PBXFileReference; includeInIndex = 1; lastKnownFileType = text.xcconfig; name = "Pods-exampleTests.release.xcconfig"; path = "Target Support Files/Pods-exampleTests/Pods-exampleTests.release.xcconfig"; sourceTree = "<group>"; };
		503F976649FC38E093117DFF /* Pods-example.debug.xcconfig */ = {isa = PBXFileReference; includeInIndex = 1; lastKnownFileType = text.xcconfig; name = "Pods-example.debug.xcconfig"; path = "Target Support Files/Pods-example/Pods-example.debug.xcconfig"; sourceTree = "<group>"; };
		88F6B08CB808BE2B3FCD48BF /* Pods_exampleTests.framework */ = {isa = PBXFileReference; explicitFileType = wrapper.framework; includeInIndex = 0; path = Pods_exampleTests.framework; sourceTree = BUILT_PRODUCTS_DIR; };
		94037D426102968CFFD023CE /* Pods-example-exampleUITests.debug.xcconfig */ = {isa = PBXFileReference; includeInIndex = 1; lastKnownFileType = text.xcconfig; name = "Pods-example-exampleUITests.debug.xcconfig"; path = "Target Support Files/Pods-example-exampleUITests/Pods-example-exampleUITests.debug.xcconfig"; sourceTree = "<group>"; };
		A870940632FF1BE902A42F79 /* Pods-example-exampleUITests.release.xcconfig */ = {isa = PBXFileReference; includeInIndex = 1; lastKnownFileType = text.xcconfig; name = "Pods-example-exampleUITests.release.xcconfig"; path = "Target Support Files/Pods-example-exampleUITests/Pods-example-exampleUITests.release.xcconfig"; sourceTree = "<group>"; };
		F08886802464033200247326 /* example.app */ = {isa = PBXFileReference; explicitFileType = wrapper.application; includeInIndex = 0; path = example.app; sourceTree = BUILT_PRODUCTS_DIR; };
		F08886832464033200247326 /* AppDelegate.swift */ = {isa = PBXFileReference; lastKnownFileType = sourcecode.swift; path = AppDelegate.swift; sourceTree = "<group>"; };
		F08886852464033200247326 /* SceneDelegate.swift */ = {isa = PBXFileReference; lastKnownFileType = sourcecode.swift; path = SceneDelegate.swift; sourceTree = "<group>"; };
		F08886872464033200247326 /* ViewController.swift */ = {isa = PBXFileReference; lastKnownFileType = sourcecode.swift; path = ViewController.swift; sourceTree = "<group>"; };
		F088868A2464033200247326 /* Base */ = {isa = PBXFileReference; lastKnownFileType = file.storyboard; name = Base; path = Base.lproj/Main.storyboard; sourceTree = "<group>"; };
		F088868C2464033400247326 /* Assets.xcassets */ = {isa = PBXFileReference; lastKnownFileType = folder.assetcatalog; path = Assets.xcassets; sourceTree = "<group>"; };
		F088868F2464033400247326 /* Base */ = {isa = PBXFileReference; lastKnownFileType = file.storyboard; name = Base; path = Base.lproj/LaunchScreen.storyboard; sourceTree = "<group>"; };
		F08886912464033400247326 /* Info.plist */ = {isa = PBXFileReference; lastKnownFileType = text.plist.xml; path = Info.plist; sourceTree = "<group>"; };
		F08886962464033400247326 /* exampleTests.xctest */ = {isa = PBXFileReference; explicitFileType = wrapper.cfbundle; includeInIndex = 0; path = exampleTests.xctest; sourceTree = BUILT_PRODUCTS_DIR; };
		F088869A2464033400247326 /* exampleTests.swift */ = {isa = PBXFileReference; lastKnownFileType = sourcecode.swift; path = exampleTests.swift; sourceTree = "<group>"; };
		F088869C2464033400247326 /* Info.plist */ = {isa = PBXFileReference; lastKnownFileType = text.plist.xml; path = Info.plist; sourceTree = "<group>"; };
		F08886A12464033400247326 /* exampleUITests.xctest */ = {isa = PBXFileReference; explicitFileType = wrapper.cfbundle; includeInIndex = 0; path = exampleUITests.xctest; sourceTree = BUILT_PRODUCTS_DIR; };
		F08886A52464033400247326 /* exampleUITests.swift */ = {isa = PBXFileReference; lastKnownFileType = sourcecode.swift; path = exampleUITests.swift; sourceTree = "<group>"; };
		F08886A72464033400247326 /* Info.plist */ = {isa = PBXFileReference; lastKnownFileType = text.plist.xml; path = Info.plist; sourceTree = "<group>"; };
/* End PBXFileReference section */

/* Begin PBXFrameworksBuildPhase section */
		F088867D2464033200247326 /* Frameworks */ = {
			isa = PBXFrameworksBuildPhase;
			buildActionMask = 2147483647;
			files = (
				8646B8A0469ACB795AD04E45 /* Pods_example.framework in Frameworks */,
			);
			runOnlyForDeploymentPostprocessing = 0;
		};
		F08886932464033400247326 /* Frameworks */ = {
			isa = PBXFrameworksBuildPhase;
			buildActionMask = 2147483647;
			files = (
				A08916968AD16D3229304ACF /* Pods_exampleTests.framework in Frameworks */,
			);
			runOnlyForDeploymentPostprocessing = 0;
		};
		F088869E2464033400247326 /* Frameworks */ = {
			isa = PBXFrameworksBuildPhase;
			buildActionMask = 2147483647;
			files = (
				3E730ADC79171AE632B47FEB /* Pods_example_exampleUITests.framework in Frameworks */,
			);
			runOnlyForDeploymentPostprocessing = 0;
		};
/* End PBXFrameworksBuildPhase section */

/* Begin PBXGroup section */
		6FAF9EF2F9747C1546E093E6 /* Frameworks */ = {
			isa = PBXGroup;
			children = (
				1B4B206633AEB019138B484E /* Pods_example.framework */,
				2DCFEECBEC61AA00B90F7A00 /* Pods_example_exampleUITests.framework */,
				88F6B08CB808BE2B3FCD48BF /* Pods_exampleTests.framework */,
			);
			name = Frameworks;
			sourceTree = "<group>";
		};
		8D242A1E20C64EC35827CC13 /* Pods */ = {
			isa = PBXGroup;
			children = (
				503F976649FC38E093117DFF /* Pods-example.debug.xcconfig */,
				232F8DE9C5068CD0F934EE40 /* Pods-example.release.xcconfig */,
				94037D426102968CFFD023CE /* Pods-example-exampleUITests.debug.xcconfig */,
				A870940632FF1BE902A42F79 /* Pods-example-exampleUITests.release.xcconfig */,
				2012B6F99D8914A1F8AE29C2 /* Pods-exampleTests.debug.xcconfig */,
				44732BE6E909021EA7FD30A0 /* Pods-exampleTests.release.xcconfig */,
			);
			name = Pods;
			path = Pods;
			sourceTree = "<group>";
		};
		F08886772464033200247326 = {
			isa = PBXGroup;
			children = (
				F08886822464033200247326 /* example */,
				F08886992464033400247326 /* exampleTests */,
				F08886A42464033400247326 /* exampleUITests */,
				F08886812464033200247326 /* Products */,
				8D242A1E20C64EC35827CC13 /* Pods */,
				6FAF9EF2F9747C1546E093E6 /* Frameworks */,
			);
			sourceTree = "<group>";
		};
		F08886812464033200247326 /* Products */ = {
			isa = PBXGroup;
			children = (
				F08886802464033200247326 /* example.app */,
				F08886962464033400247326 /* exampleTests.xctest */,
				F08886A12464033400247326 /* exampleUITests.xctest */,
			);
			name = Products;
			sourceTree = "<group>";
		};
		F08886822464033200247326 /* example */ = {
			isa = PBXGroup;
			children = (
				F08886832464033200247326 /* AppDelegate.swift */,
				F08886852464033200247326 /* SceneDelegate.swift */,
				F08886872464033200247326 /* ViewController.swift */,
				F08886892464033200247326 /* Main.storyboard */,
				F088868C2464033400247326 /* Assets.xcassets */,
				F088868E2464033400247326 /* LaunchScreen.storyboard */,
				F08886912464033400247326 /* Info.plist */,
			);
			path = example;
			sourceTree = "<group>";
		};
		F08886992464033400247326 /* exampleTests */ = {
			isa = PBXGroup;
			children = (
				F088869A2464033400247326 /* exampleTests.swift */,
				F088869C2464033400247326 /* Info.plist */,
			);
			path = exampleTests;
			sourceTree = "<group>";
		};
		F08886A42464033400247326 /* exampleUITests */ = {
			isa = PBXGroup;
			children = (
				F08886A52464033400247326 /* exampleUITests.swift */,
				F08886A72464033400247326 /* Info.plist */,
			);
			path = exampleUITests;
			sourceTree = "<group>";
		};
/* End PBXGroup section */

/* Begin PBXNativeTarget section */
		F088867F2464033200247326 /* example */ = {
			isa = PBXNativeTarget;
			buildConfigurationList = F08886AA2464033400247326 /* Build configuration list for PBXNativeTarget "example" */;
			buildPhases = (
				DF1CDF5F7CA80466867530B6 /* [CP] Check Pods Manifest.lock */,
				F088867C2464033200247326 /* Sources */,
				F088867D2464033200247326 /* Frameworks */,
				F088867E2464033200247326 /* Resources */,
				4454EFFBFE4D3EC1A5D1669A /* [CP] Embed Pods Frameworks */,
			);
			buildRules = (
			);
			dependencies = (
			);
			name = example;
			productName = example;
			productReference = F08886802464033200247326 /* example.app */;
			productType = "com.apple.product-type.application";
		};
		F08886952464033400247326 /* exampleTests */ = {
			isa = PBXNativeTarget;
			buildConfigurationList = F08886AD2464033400247326 /* Build configuration list for PBXNativeTarget "exampleTests" */;
			buildPhases = (
				2F29C11C976AD1083D60359F /* [CP] Check Pods Manifest.lock */,
				F08886922464033400247326 /* Sources */,
				F08886932464033400247326 /* Frameworks */,
				F08886942464033400247326 /* Resources */,
			);
			buildRules = (
			);
			dependencies = (
				F08886982464033400247326 /* PBXTargetDependency */,
			);
			name = exampleTests;
			productName = exampleTests;
			productReference = F08886962464033400247326 /* exampleTests.xctest */;
			productType = "com.apple.product-type.bundle.unit-test";
		};
		F08886A02464033400247326 /* exampleUITests */ = {
			isa = PBXNativeTarget;
			buildConfigurationList = F08886B02464033400247326 /* Build configuration list for PBXNativeTarget "exampleUITests" */;
			buildPhases = (
				F8EEA2FBC0E764CCD38177A7 /* [CP] Check Pods Manifest.lock */,
				F088869D2464033400247326 /* Sources */,
				F088869E2464033400247326 /* Frameworks */,
				F088869F2464033400247326 /* Resources */,
				97601D30F8884FF8E780E371 /* [CP] Embed Pods Frameworks */,
			);
			buildRules = (
			);
			dependencies = (
				F08886A32464033400247326 /* PBXTargetDependency */,
			);
			name = exampleUITests;
			productName = exampleUITests;
			productReference = F08886A12464033400247326 /* exampleUITests.xctest */;
			productType = "com.apple.product-type.bundle.ui-testing";
		};
/* End PBXNativeTarget section */

/* Begin PBXProject section */
		F08886782464033200247326 /* Project object */ = {
			isa = PBXProject;
			attributes = {
				LastSwiftUpdateCheck = 1140;
				LastUpgradeCheck = 1140;
				ORGANIZATIONNAME = jonhome;
				TargetAttributes = {
					F088867F2464033200247326 = {
						CreatedOnToolsVersion = 11.4;
					};
					F08886952464033400247326 = {
						CreatedOnToolsVersion = 11.4;
						TestTargetID = F088867F2464033200247326;
					};
					F08886A02464033400247326 = {
						CreatedOnToolsVersion = 11.4;
						TestTargetID = F088867F2464033200247326;
					};
				};
			};
			buildConfigurationList = F088867B2464033200247326 /* Build configuration list for PBXProject "example" */;
			compatibilityVersion = "Xcode 9.3";
			developmentRegion = en;
			hasScannedForEncodings = 0;
			knownRegions = (
				en,
				Base,
			);
			mainGroup = F08886772464033200247326;
			productRefGroup = F08886812464033200247326 /* Products */;
			projectDirPath = "";
			projectRoot = "";
			targets = (
				F088867F2464033200247326 /* example */,
				F08886952464033400247326 /* exampleTests */,
				F08886A02464033400247326 /* exampleUITests */,
			);
		};
/* End PBXProject section */

/* Begin PBXResourcesBuildPhase section */
		F088867E2464033200247326 /* Resources */ = {
			isa = PBXResourcesBuildPhase;
			buildActionMask = 2147483647;
			files = (
				F08886902464033400247326 /* LaunchScreen.storyboard in Resources */,
				F088868D2464033400247326 /* Assets.xcassets in Resources */,
				F088868B2464033200247326 /* Main.storyboard in Resources */,
			);
			runOnlyForDeploymentPostprocessing = 0;
		};
		F08886942464033400247326 /* Resources */ = {
			isa = PBXResourcesBuildPhase;
			buildActionMask = 2147483647;
			files = (
			);
			runOnlyForDeploymentPostprocessing = 0;
		};
		F088869F2464033400247326 /* Resources */ = {
			isa = PBXResourcesBuildPhase;
			buildActionMask = 2147483647;
			files = (
			);
			runOnlyForDeploymentPostprocessing = 0;
		};
/* End PBXResourcesBuildPhase section */

/* Begin PBXShellScriptBuildPhase section */
		2F29C11C976AD1083D60359F /* [CP] Check Pods Manifest.lock */ = {
			isa = PBXShellScriptBuildPhase;
			buildActionMask = 2147483647;
			files = (
			);
			inputFileListPaths = (
			);
			inputPaths = (
				"${PODS_PODFILE_DIR_PATH}/Podfile.lock",
				"${PODS_ROOT}/Manifest.lock",
			);
			name = "[CP] Check Pods Manifest.lock";
			outputFileListPaths = (
			);
			outputPaths = (
				"$(DERIVED_FILE_DIR)/Pods-exampleTests-checkManifestLockResult.txt",
			);
			runOnlyForDeploymentPostprocessing = 0;
			shellPath = /bin/sh;
			shellScript = "diff \"${PODS_PODFILE_DIR_PATH}/Podfile.lock\" \"${PODS_ROOT}/Manifest.lock\" > /dev/null\nif [ $? != 0 ] ; then\n    # print error to STDERR\n    echo \"error: The sandbox is not in sync with the Podfile.lock. Run 'pod install' or update your CocoaPods installation.\" >&2\n    exit 1\nfi\n# This output is used by Xcode 'outputs' to avoid re-running this script phase.\necho \"SUCCESS\" > \"${SCRIPT_OUTPUT_FILE_0}\"\n";
			showEnvVarsInLog = 0;
		};
		4454EFFBFE4D3EC1A5D1669A /* [CP] Embed Pods Frameworks */ = {
			isa = PBXShellScriptBuildPhase;
			buildActionMask = 2147483647;
			files = (
			);
			inputFileListPaths = (
				"${PODS_ROOT}/Target Support Files/Pods-example/Pods-example-frameworks-${CONFIGURATION}-input-files.xcfilelist",
			);
			name = "[CP] Embed Pods Frameworks";
			outputFileListPaths = (
				"${PODS_ROOT}/Target Support Files/Pods-example/Pods-example-frameworks-${CONFIGURATION}-output-files.xcfilelist",
			);
			runOnlyForDeploymentPostprocessing = 0;
			shellPath = /bin/sh;
			shellScript = "\"${PODS_ROOT}/Target Support Files/Pods-example/Pods-example-frameworks.sh\"\n";
			showEnvVarsInLog = 0;
		};
		97601D30F8884FF8E780E371 /* [CP] Embed Pods Frameworks */ = {
			isa = PBXShellScriptBuildPhase;
			buildActionMask = 2147483647;
			files = (
			);
			inputFileListPaths = (
				"${PODS_ROOT}/Target Support Files/Pods-example-exampleUITests/Pods-example-exampleUITests-frameworks-${CONFIGURATION}-input-files.xcfilelist",
			);
			name = "[CP] Embed Pods Frameworks";
			outputFileListPaths = (
				"${PODS_ROOT}/Target Support Files/Pods-example-exampleUITests/Pods-example-exampleUITests-frameworks-${CONFIGURATION}-output-files.xcfilelist",
			);
			runOnlyForDeploymentPostprocessing = 0;
			shellPath = /bin/sh;
			shellScript = "\"${PODS_ROOT}/Target Support Files/Pods-example-exampleUITests/Pods-example-exampleUITests-frameworks.sh\"\n";
			showEnvVarsInLog = 0;
		};
		DF1CDF5F7CA80466867530B6 /* [CP] Check Pods Manifest.lock */ = {
			isa = PBXShellScriptBuildPhase;
			buildActionMask = 2147483647;
			files = (
			);
			inputFileListPaths = (
			);
			inputPaths = (
				"${PODS_PODFILE_DIR_PATH}/Podfile.lock",
				"${PODS_ROOT}/Manifest.lock",
			);
			name = "[CP] Check Pods Manifest.lock";
			outputFileListPaths = (
			);
			outputPaths = (
				"$(DERIVED_FILE_DIR)/Pods-example-checkManifestLockResult.txt",
			);
			runOnlyForDeploymentPostprocessing = 0;
			shellPath = /bin/sh;
			shellScript = "diff \"${PODS_PODFILE_DIR_PATH}/Podfile.lock\" \"${PODS_ROOT}/Manifest.lock\" > /dev/null\nif [ $? != 0 ] ; then\n    # print error to STDERR\n    echo \"error: The sandbox is not in sync with the Podfile.lock. Run 'pod install' or update your CocoaPods installation.\" >&2\n    exit 1\nfi\n# This output is used by Xcode 'outputs' to avoid re-running this script phase.\necho \"SUCCESS\" > \"${SCRIPT_OUTPUT_FILE_0}\"\n";
			showEnvVarsInLog = 0;
		};
		F8EEA2FBC0E764CCD38177A7 /* [CP] Check Pods Manifest.lock */ = {
			isa = PBXShellScriptBuildPhase;
			buildActionMask = 2147483647;
			files = (
			);
			inputFileListPaths = (
			);
			inputPaths = (
				"${PODS_PODFILE_DIR_PATH}/Podfile.lock",
				"${PODS_ROOT}/Manifest.lock",
			);
			name = "[CP] Check Pods Manifest.lock";
			outputFileListPaths = (
			);
			outputPaths = (
				"$(DERIVED_FILE_DIR)/Pods-example-exampleUITests-checkManifestLockResult.txt",
			);
			runOnlyForDeploymentPostprocessing = 0;
			shellPath = /bin/sh;
			shellScript = "diff \"${PODS_PODFILE_DIR_PATH}/Podfile.lock\" \"${PODS_ROOT}/Manifest.lock\" > /dev/null\nif [ $? != 0 ] ; then\n    # print error to STDERR\n    echo \"error: The sandbox is not in sync with the Podfile.lock. Run 'pod install' or update your CocoaPods installation.\" >&2\n    exit 1\nfi\n# This output is used by Xcode 'outputs' to avoid re-running this script phase.\necho \"SUCCESS\" > \"${SCRIPT_OUTPUT_FILE_0}\"\n";
			showEnvVarsInLog = 0;
		};
/* End PBXShellScriptBuildPhase section */

/* Begin PBXSourcesBuildPhase section */
		F088867C2464033200247326 /* Sources */ = {
			isa = PBXSourcesBuildPhase;
			buildActionMask = 2147483647;
			files = (
				F08886882464033200247326 /* ViewController.swift in Sources */,
				F08886842464033200247326 /* AppDelegate.swift in Sources */,
				F08886862464033200247326 /* SceneDelegate.swift in Sources */,
			);
			runOnlyForDeploymentPostprocessing = 0;
		};
		F08886922464033400247326 /* Sources */ = {
			isa = PBXSourcesBuildPhase;
			buildActionMask = 2147483647;
			files = (
				F088869B2464033400247326 /* exampleTests.swift in Sources */,
			);
			runOnlyForDeploymentPostprocessing = 0;
		};
		F088869D2464033400247326 /* Sources */ = {
			isa = PBXSourcesBuildPhase;
			buildActionMask = 2147483647;
			files = (
				F08886A62464033400247326 /* exampleUITests.swift in Sources */,
			);
			runOnlyForDeploymentPostprocessing = 0;
		};
/* End PBXSourcesBuildPhase section */

/* Begin PBXTargetDependency section */
		F08886982464033400247326 /* PBXTargetDependency */ = {
			isa = PBXTargetDependency;
			target = F088867F2464033200247326 /* example */;
			targetProxy = F08886972464033400247326 /* PBXContainerItemProxy */;
		};
		F08886A32464033400247326 /* PBXTargetDependency */ = {
			isa = PBXTargetDependency;
			target = F088867F2464033200247326 /* example */;
			targetProxy = F08886A22464033400247326 /* PBXContainerItemProxy */;
		};
/* End PBXTargetDependency section */

/* Begin PBXVariantGroup section */
		F08886892464033200247326 /* Main.storyboard */ = {
			isa = PBXVariantGroup;
			children = (
				F088868A2464033200247326 /* Base */,
			);
			name = Main.storyboard;
			sourceTree = "<group>";
		};
		F088868E2464033400247326 /* LaunchScreen.storyboard */ = {
			isa = PBXVariantGroup;
			children = (
				F088868F2464033400247326 /* Base */,
			);
			name = LaunchScreen.storyboard;
			sourceTree = "<group>";
		};
/* End PBXVariantGroup section */

/* Begin XCBuildConfiguration section */
		F08886A82464033400247326 /* Debug */ = {
			isa = XCBuildConfiguration;
			buildSettings = {
				ALWAYS_SEARCH_USER_PATHS = NO;
				CLANG_ANALYZER_NONNULL = YES;
				CLANG_ANALYZER_NUMBER_OBJECT_CONVERSION = YES_AGGRESSIVE;
				CLANG_CXX_LANGUAGE_STANDARD = "gnu++14";
				CLANG_CXX_LIBRARY = "libc++";
				CLANG_ENABLE_MODULES = YES;
				CLANG_ENABLE_OBJC_ARC = YES;
				CLANG_ENABLE_OBJC_WEAK = YES;
				CLANG_WARN_BLOCK_CAPTURE_AUTORELEASING = YES;
				CLANG_WARN_BOOL_CONVERSION = YES;
				CLANG_WARN_COMMA = YES;
				CLANG_WARN_CONSTANT_CONVERSION = YES;
				CLANG_WARN_DEPRECATED_OBJC_IMPLEMENTATIONS = YES;
				CLANG_WARN_DIRECT_OBJC_ISA_USAGE = YES_ERROR;
				CLANG_WARN_DOCUMENTATION_COMMENTS = YES;
				CLANG_WARN_EMPTY_BODY = YES;
				CLANG_WARN_ENUM_CONVERSION = YES;
				CLANG_WARN_INFINITE_RECURSION = YES;
				CLANG_WARN_INT_CONVERSION = YES;
				CLANG_WARN_NON_LITERAL_NULL_CONVERSION = YES;
				CLANG_WARN_OBJC_IMPLICIT_RETAIN_SELF = YES;
				CLANG_WARN_OBJC_LITERAL_CONVERSION = YES;
				CLANG_WARN_OBJC_ROOT_CLASS = YES_ERROR;
				CLANG_WARN_RANGE_LOOP_ANALYSIS = YES;
				CLANG_WARN_STRICT_PROTOTYPES = YES;
				CLANG_WARN_SUSPICIOUS_MOVE = YES;
				CLANG_WARN_UNGUARDED_AVAILABILITY = YES_AGGRESSIVE;
				CLANG_WARN_UNREACHABLE_CODE = YES;
				CLANG_WARN__DUPLICATE_METHOD_MATCH = YES;
				COPY_PHASE_STRIP = NO;
				DEBUG_INFORMATION_FORMAT = dwarf;
				ENABLE_STRICT_OBJC_MSGSEND = YES;
				ENABLE_TESTABILITY = YES;
				GCC_C_LANGUAGE_STANDARD = gnu11;
				GCC_DYNAMIC_NO_PIC = NO;
				GCC_NO_COMMON_BLOCKS = YES;
				GCC_OPTIMIZATION_LEVEL = 0;
				GCC_PREPROCESSOR_DEFINITIONS = (
					"DEBUG=1",
					"$(inherited)",
				);
				GCC_WARN_64_TO_32_BIT_CONVERSION = YES;
				GCC_WARN_ABOUT_RETURN_TYPE = YES_ERROR;
				GCC_WARN_UNDECLARED_SELECTOR = YES;
				GCC_WARN_UNINITIALIZED_AUTOS = YES_AGGRESSIVE;
				GCC_WARN_UNUSED_FUNCTION = YES;
				GCC_WARN_UNUSED_VARIABLE = YES;
				IPHONEOS_DEPLOYMENT_TARGET = 13.4;
				MTL_ENABLE_DEBUG_INFO = INCLUDE_SOURCE;
				MTL_FAST_MATH = YES;
				ONLY_ACTIVE_ARCH = YES;
				SDKROOT = iphoneos;
				SWIFT_ACTIVE_COMPILATION_CONDITIONS = DEBUG;
				SWIFT_OPTIMIZATION_LEVEL = "-Onone";
			};
			name = Debug;
		};
		F08886A92464033400247326 /* Release */ = {
			isa = XCBuildConfiguration;
			buildSettings = {
				ALWAYS_SEARCH_USER_PATHS = NO;
				CLANG_ANALYZER_NONNULL = YES;
				CLANG_ANALYZER_NUMBER_OBJECT_CONVERSION = YES_AGGRESSIVE;
				CLANG_CXX_LANGUAGE_STANDARD = "gnu++14";
				CLANG_CXX_LIBRARY = "libc++";
				CLANG_ENABLE_MODULES = YES;
				CLANG_ENABLE_OBJC_ARC = YES;
				CLANG_ENABLE_OBJC_WEAK = YES;
				CLANG_WARN_BLOCK_CAPTURE_AUTORELEASING = YES;
				CLANG_WARN_BOOL_CONVERSION = YES;
				CLANG_WARN_COMMA = YES;
				CLANG_WARN_CONSTANT_CONVERSION = YES;
				CLANG_WARN_DEPRECATED_OBJC_IMPLEMENTATIONS = YES;
				CLANG_WARN_DIRECT_OBJC_ISA_USAGE = YES_ERROR;
				CLANG_WARN_DOCUMENTATION_COMMENTS = YES;
				CLANG_WARN_EMPTY_BODY = YES;
				CLANG_WARN_ENUM_CONVERSION = YES;
				CLANG_WARN_INFINITE_RECURSION = YES;
				CLANG_WARN_INT_CONVERSION = YES;
				CLANG_WARN_NON_LITERAL_NULL_CONVERSION = YES;
				CLANG_WARN_OBJC_IMPLICIT_RETAIN_SELF = YES;
				CLANG_WARN_OBJC_LITERAL_CONVERSION = YES;
				CLANG_WARN_OBJC_ROOT_CLASS = YES_ERROR;
				CLANG_WARN_RANGE_LOOP_ANALYSIS = YES;
				CLANG_WARN_STRICT_PROTOTYPES = YES;
				CLANG_WARN_SUSPICIOUS_MOVE = YES;
				CLANG_WARN_UNGUARDED_AVAILABILITY = YES_AGGRESSIVE;
				CLANG_WARN_UNREACHABLE_CODE = YES;
				CLANG_WARN__DUPLICATE_METHOD_MATCH = YES;
				COPY_PHASE_STRIP = NO;
				DEBUG_INFORMATION_FORMAT = "dwarf-with-dsym";
				ENABLE_NS_ASSERTIONS = NO;
				ENABLE_STRICT_OBJC_MSGSEND = YES;
				GCC_C_LANGUAGE_STANDARD = gnu11;
				GCC_NO_COMMON_BLOCKS = YES;
				GCC_WARN_64_TO_32_BIT_CONVERSION = YES;
				GCC_WARN_ABOUT_RETURN_TYPE = YES_ERROR;
				GCC_WARN_UNDECLARED_SELECTOR = YES;
				GCC_WARN_UNINITIALIZED_AUTOS = YES_AGGRESSIVE;
				GCC_WARN_UNUSED_FUNCTION = YES;
				GCC_WARN_UNUSED_VARIABLE = YES;
				IPHONEOS_DEPLOYMENT_TARGET = 13.4;
				MTL_ENABLE_DEBUG_INFO = NO;
				MTL_FAST_MATH = YES;
				SDKROOT = iphoneos;
				SWIFT_COMPILATION_MODE = wholemodule;
				SWIFT_OPTIMIZATION_LEVEL = "-O";
				VALIDATE_PRODUCT = YES;
			};
			name = Release;
		};
		F08886AB2464033400247326 /* Debug */ = {
			isa = XCBuildConfiguration;
			baseConfigurationReference = 503F976649FC38E093117DFF /* Pods-example.debug.xcconfig */;
			buildSettings = {
				ASSETCATALOG_COMPILER_APPICON_NAME = AppIcon;
				CODE_SIGN_STYLE = Automatic;
				DEVELOPMENT_TEAM = AWAU4LQEV5;
				INFOPLIST_FILE = example/Info.plist;
				LD_RUNPATH_SEARCH_PATHS = (
					"$(inherited)",
					"@executable_path/Frameworks",
				);
				PRODUCT_BUNDLE_IDENTIFIER = com.jonhome.example;
				PRODUCT_NAME = "$(TARGET_NAME)";
				SWIFT_VERSION = 5.0;
				TARGETED_DEVICE_FAMILY = "1,2";
			};
			name = Debug;
		};
		F08886AC2464033400247326 /* Release */ = {
			isa = XCBuildConfiguration;
			baseConfigurationReference = 232F8DE9C5068CD0F934EE40 /* Pods-example.release.xcconfig */;
			buildSettings = {
				ASSETCATALOG_COMPILER_APPICON_NAME = AppIcon;
				CODE_SIGN_STYLE = Automatic;
				DEVELOPMENT_TEAM = AWAU4LQEV5;
				INFOPLIST_FILE = example/Info.plist;
				LD_RUNPATH_SEARCH_PATHS = (
					"$(inherited)",
					"@executable_path/Frameworks",
				);
				PRODUCT_BUNDLE_IDENTIFIER = com.jonhome.example;
				PRODUCT_NAME = "$(TARGET_NAME)";
				SWIFT_VERSION = 5.0;
				TARGETED_DEVICE_FAMILY = "1,2";
			};
			name = Release;
		};
		F08886AE2464033400247326 /* Debug */ = {
			isa = XCBuildConfiguration;
			baseConfigurationReference = 2012B6F99D8914A1F8AE29C2 /* Pods-exampleTests.debug.xcconfig */;
			buildSettings = {
				ALWAYS_EMBED_SWIFT_STANDARD_LIBRARIES = YES;
				BUNDLE_LOADER = "$(TEST_HOST)";
				CODE_SIGN_STYLE = Automatic;
				DEVELOPMENT_TEAM = AWAU4LQEV5;
				INFOPLIST_FILE = exampleTests/Info.plist;
				IPHONEOS_DEPLOYMENT_TARGET = 13.4;
				LD_RUNPATH_SEARCH_PATHS = (
					"$(inherited)",
					"@executable_path/Frameworks",
					"@loader_path/Frameworks",
				);
				PRODUCT_BUNDLE_IDENTIFIER = com.jonhome.exampleTests;
				PRODUCT_NAME = "$(TARGET_NAME)";
				SWIFT_VERSION = 5.0;
				TARGETED_DEVICE_FAMILY = "1,2";
				TEST_HOST = "$(BUILT_PRODUCTS_DIR)/example.app/example";
			};
			name = Debug;
		};
		F08886AF2464033400247326 /* Release */ = {
			isa = XCBuildConfiguration;
			baseConfigurationReference = 44732BE6E909021EA7FD30A0 /* Pods-exampleTests.release.xcconfig */;
			buildSettings = {
				ALWAYS_EMBED_SWIFT_STANDARD_LIBRARIES = YES;
				BUNDLE_LOADER = "$(TEST_HOST)";
				CODE_SIGN_STYLE = Automatic;
				DEVELOPMENT_TEAM = AWAU4LQEV5;
				INFOPLIST_FILE = exampleTests/Info.plist;
				IPHONEOS_DEPLOYMENT_TARGET = 13.4;
				LD_RUNPATH_SEARCH_PATHS = (
					"$(inherited)",
					"@executable_path/Frameworks",
					"@loader_path/Frameworks",
				);
				PRODUCT_BUNDLE_IDENTIFIER = com.jonhome.exampleTests;
				PRODUCT_NAME = "$(TARGET_NAME)";
				SWIFT_VERSION = 5.0;
				TARGETED_DEVICE_FAMILY = "1,2";
				TEST_HOST = "$(BUILT_PRODUCTS_DIR)/example.app/example";
			};
			name = Release;
		};
		F08886B12464033400247326 /* Debug */ = {
			isa = XCBuildConfiguration;
			baseConfigurationReference = 94037D426102968CFFD023CE /* Pods-example-exampleUITests.debug.xcconfig */;
			buildSettings = {
				ALWAYS_EMBED_SWIFT_STANDARD_LIBRARIES = YES;
				CODE_SIGN_STYLE = Automatic;
				DEVELOPMENT_TEAM = AWAU4LQEV5;
				INFOPLIST_FILE = exampleUITests/Info.plist;
				LD_RUNPATH_SEARCH_PATHS = (
					"$(inherited)",
					"@executable_path/Frameworks",
					"@loader_path/Frameworks",
				);
				PRODUCT_BUNDLE_IDENTIFIER = com.jonhome.exampleUITests;
				PRODUCT_NAME = "$(TARGET_NAME)";
				SWIFT_VERSION = 5.0;
				TARGETED_DEVICE_FAMILY = "1,2";
				TEST_TARGET_NAME = example;
			};
			name = Debug;
		};
		F08886B22464033400247326 /* Release */ = {
			isa = XCBuildConfiguration;
			baseConfigurationReference = A870940632FF1BE902A42F79 /* Pods-example-exampleUITests.release.xcconfig */;
			buildSettings = {
				ALWAYS_EMBED_SWIFT_STANDARD_LIBRARIES = YES;
				CODE_SIGN_STYLE = Automatic;
				DEVELOPMENT_TEAM = AWAU4LQEV5;
				INFOPLIST_FILE = exampleUITests/Info.plist;
				LD_RUNPATH_SEARCH_PATHS = (
					"$(inherited)",
					"@executable_path/Frameworks",
					"@loader_path/Frameworks",
				);
				PRODUCT_BUNDLE_IDENTIFIER = com.jonhome.exampleUITests;
				PRODUCT_NAME = "$(TARGET_NAME)";
				SWIFT_VERSION = 5.0;
				TARGETED_DEVICE_FAMILY = "1,2";
				TEST_TARGET_NAME = example;
			};
			name = Release;
		};
/* End XCBuildConfiguration section */

/* Begin XCConfigurationList section */
		F088867B2464033200247326 /* Build configuration list for PBXProject "example" */ = {
			isa = XCConfigurationList;
			buildConfigurations = (
				F08886A82464033400247326 /* Debug */,
				F08886A92464033400247326 /* Release */,
			);
			defaultConfigurationIsVisible = 0;
			defaultConfigurationName = Release;
		};
		F08886AA2464033400247326 /* Build configuration list for PBXNativeTarget "example" */ = {
			isa = XCConfigurationList;
			buildConfigurations = (
				F08886AB2464033400247326 /* Debug */,
				F08886AC2464033400247326 /* Release */,
			);
			defaultConfigurationIsVisible = 0;
			defaultConfigurationName = Release;
		};
		F08886AD2464033400247326 /* Build configuration list for PBXNativeTarget "exampleTests" */ = {
			isa = XCConfigurationList;
			buildConfigurations = (
				F08886AE2464033400247326 /* Debug */,
				F08886AF2464033400247326 /* Release */,
			);
			defaultConfigurationIsVisible = 0;
			defaultConfigurationName = Release;
		};
		F08886B02464033400247326 /* Build configuration list for PBXNativeTarget "exampleUITests" */ = {
			isa = XCConfigurationList;
			buildConfigurations = (
				F08886B12464033400247326 /* Debug */,
				F08886B22464033400247326 /* Release */,
			);
			defaultConfigurationIsVisible = 0;
			defaultConfigurationName = Release;
		};
/* End XCConfigurationList section */
	};
	rootObject = F08886782464033200247326 /* Project object */;
}
